Microsoft Visual Studio Solution File, Format Version 12.00
# Visual Studio 16
Project("{8BC9CEB8-8B4A-11D0-8D11-00A0C91BC942}") = "ALL_BUILD", "ALL_BUILD.vcxproj", "{4D788152-12F4-3813-9053-710F5B1FB0A4}"
	ProjectSection(ProjectDependencies) = postProject
		{95BF1BF1-9236-36F8-B4DD-B5C112D1DE08} = {95BF1BF1-9236-36F8-B4DD-B5C112D1DE08}
		{8CEC3E25-B330-3DE7-8AD0-FF539667D8A8} = {8CEC3E25-B330-3DE7-8AD0-FF539667D8A8}
	EndProjectSection
EndProject
Project("{8BC9CEB8-8B4A-11D0-8D11-00A0C91BC942}") = "ZERO_CHECK", "ZERO_CHECK.vcxproj", "{95BF1BF1-9236-36F8-B4DD-B5C112D1DE08}"
	ProjectSection(ProjectDependencies) = postProject
	EndProjectSection
EndProject
Project("{8BC9CEB8-8B4A-11D0-8D11-00A0C91BC942}") = "process_monitor", "process_monitor.vcxproj", "{8CEC3E25-B330-3DE7-8AD0-FF539667D8A8}"
	ProjectSection(ProjectDependencies) = postProject
		{95BF1BF1-9236-36F8-B4DD-B5C112D1DE08} = {95BF1BF1-9236-36F8-B4DD-B5C112D1DE08}
	EndProjectSection
EndProject
Global
	GlobalSection(SolutionConfigurationPlatforms) = preSolution
		Debug|x64 = Debug|x64
		Release|x64 = Release|x64
		MinSizeRel|x64 = MinSizeRel|x64
		RelWithDebInfo|x64 = RelWithDebInfo|x64
	EndGlobalSection
	GlobalSection(ProjectConfigurationPlatforms) = postSolution
		{4D788152-12F4-3813-9053-710F5B1FB0A4}.Debug|x64.ActiveCfg = Debug|x64
		{4D788152-12F4-3813-9053-710F5B1FB0A4}.Release|x64.ActiveCfg = Release|x64
		{4D788152-12F4-3813-9053-710F5B1FB0A4}.MinSizeRel|x64.ActiveCfg = MinSizeRel|x64
		{4D788152-12F4-3813-9053-710F5B1FB0A4}.RelWithDebInfo|x64.ActiveCfg = RelWithDebInfo|x64
		{95BF1BF1-9236-36F8-B4DD-B5C112D1DE08}.Debug|x64.ActiveCfg = Debug|x64
		{95BF1BF1-9236-36F8-B4DD-B5C112D1DE08}.Debug|x64.Build.0 = Debug|x64
		{95BF1BF1-9236-36F8-B4DD-B5C112D1DE08}.Release|x64.ActiveCfg = Release|x64
		{95BF1BF1-9236-36F8-B4DD-B5C112D1DE08}.Release|x64.Build.0 = Release|x64
		{95BF1BF1-9236-36F8-B4DD-B5C112D1DE08}.MinSizeRel|x64.ActiveCfg = MinSizeRel|x64
		{95BF1BF1-9236-36F8-B4DD-B5C112D1DE08}.MinSizeRel|x64.Build.0 = MinSizeRel|x64
		{95BF1BF1-9236-36F8-B4DD-B5C112D1DE08}.RelWithDebInfo|x64.ActiveCfg = RelWithDebInfo|x64
		{95BF1BF1-9236-36F8-B4DD-B5C112D1DE08}.RelWithDebInfo|x64.Build.0 = RelWithDebInfo|x64
		{8CEC3E25-B330-3DE7-8AD0-FF539667D8A8}.Debug|x64.ActiveCfg = Debug|x64
		{8CEC3E25-B330-3DE7-8AD0-FF539667D8A8}.Debug|x64.Build.0 = Debug|x64
		{8CEC3E25-B330-3DE7-8AD0-FF539667D8A8}.Release|x64.ActiveCfg = Release|x64
		{8CEC3E25-B330-3DE7-8AD0-FF539667D8A8}.Release|x64.Build.0 = Release|x64
		{8CEC3E25-B330-3DE7-8AD0-FF539667D8A8}.MinSizeRel|x64.ActiveCfg = MinSizeRel|x64
		{8CEC3E25-B330-3DE7-8AD0-FF539667D8A8}.MinSizeRel|x64.Build.0 = MinSizeRel|x64
		{8CEC3E25-B330-3DE7-8AD0-FF539667D8A8}.RelWithDebInfo|x64.ActiveCfg = RelWithDebInfo|x64
		{8CEC3E25-B330-3DE7-8AD0-FF539667D8A8}.RelWithDebInfo|x64.Build.0 = RelWithDebInfo|x64
	EndGlobalSection
	GlobalSection(ExtensibilityGlobals) = postSolution
		SolutionGuid = {73691BD0-F6B5-3D3B-BF8F-90EC36451055}
	EndGlobalSection
	GlobalSection(ExtensibilityAddIns) = postSolution
	EndGlobalSection
EndGlobal
